
Microsoft Visual Studio Solution File, Format Version 12.00
# Visual Studio Version 16
VisualStudioVersion = 16.0.31005.135
MinimumVisualStudioVersion = 10.0.40219.1
Project("{9A19103F-16F7-4668-BE54-9A1E7A4F7556}") = "Home 6", "Home 6\Home 6.csproj", "{03859A4D-B35E-4BD2-BC0F-0FF75A627881}"
EndProject
Project("{9A19103F-16F7-4668-BE54-9A1E7A4F7556}") = "Home 6 черновик 2", "..\Home 6 черновик 2\Home 6 черновик 2.csproj", "{8FC3C944-2748-4FC7-B18D-4A8B67726615}"
EndProject
Project("{FAE04EC0-301F-11D3-BF4B-00C04F79EFBC}") = "Home 6.5", "..\Home 6.5\Home 6.5.csproj", "{8528B9C3-95F6-42A4-B624-3D4998335BBF}"
EndProject
Global
	GlobalSection(SolutionConfigurationPlatforms) = preSolution
		Debug|Any CPU = Debug|Any CPU
		Release|Any CPU = Release|Any CPU
	EndGlobalSection
	GlobalSection(ProjectConfigurationPlatforms) = postSolution
		{03859A4D-B35E-4BD2-BC0F-0FF75A627881}.Debug|Any CPU.ActiveCfg = Debug|Any CPU
		{03859A4D-B35E-4BD2-BC0F-0FF75A627881}.Debug|Any CPU.Build.0 = Debug|Any CPU
		{03859A4D-B35E-4BD2-BC0F-0FF75A627881}.Release|Any CPU.ActiveCfg = Release|Any CPU
		{03859A4D-B35E-4BD2-BC0F-0FF75A627881}.Release|Any CPU.Build.0 = Release|Any CPU
		{8FC3C944-2748-4FC7-B18D-4A8B67726615}.Debug|Any CPU.ActiveCfg = Debug|Any CPU
		{8FC3C944-2748-4FC7-B18D-4A8B67726615}.Debug|Any CPU.Build.0 = Debug|Any CPU
		{8FC3C944-2748-4FC7-B18D-4A8B67726615}.Release|Any CPU.ActiveCfg = Release|Any CPU
		{8FC3C944-2748-4FC7-B18D-4A8B67726615}.Release|Any CPU.Build.0 = Release|Any CPU
		{8528B9C3-95F6-42A4-B624-3D4998335BBF}.Debug|Any CPU.ActiveCfg = Debug|Any CPU
		{8528B9C3-95F6-42A4-B624-3D4998335BBF}.Debug|Any CPU.Build.0 = Debug|Any CPU
		{8528B9C3-95F6-42A4-B624-3D4998335BBF}.Release|Any CPU.ActiveCfg = Release|Any CPU
		{8528B9C3-95F6-42A4-B624-3D4998335BBF}.Release|Any CPU.Build.0 = Release|Any CPU
	EndGlobalSection
	GlobalSection(SolutionProperties) = preSolution
		HideSolutionNode = FALSE
	EndGlobalSection
	GlobalSection(ExtensibilityGlobals) = postSolution
		SolutionGuid = {67AD5E9E-02F2-4F9B-8CC4-23B62629B23D}
	EndGlobalSection
EndGlobal
